
Microsoft Visual Studio Solution File, Format Version 12.00
# Visual Studio 15
VisualStudioVersion = 15.0.28307.329
MinimumVisualStudioVersion = 10.0.40219.1
Project("{FAE04EC0-301F-11D3-BF4B-00C04F79EFBC}") = "StackImplementationInCSharp", "StackImplementationInCSharp.csproj", "{D320D0BF-E642-47D7-B364-29A191CBDBF4}"
EndProject
Global
	GlobalSection(SolutionConfigurationPlatforms) = preSolution
		Debug|Any CPU = Debug|Any CPU
		Release|Any CPU = Release|Any CPU
	EndGlobalSection
	GlobalSection(ProjectConfigurationPlatforms) = postSolution
		{D320D0BF-E642-47D7-B364-29A191CBDBF4}.Debug|Any CPU.ActiveCfg = Debug|Any CPU
		{D320D0BF-E642-47D7-B364-29A191CBDBF4}.Debug|Any CPU.Build.0 = Debug|Any CPU
		{D320D0BF-E642-47D7-B364-29A191CBDBF4}.Release|Any CPU.ActiveCfg = Release|Any CPU
		{D320D0BF-E642-47D7-B364-29A191CBDBF4}.Release|Any CPU.Build.0 = Release|Any CPU
	EndGlobalSection
	GlobalSection(SolutionProperties) = preSolution
		HideSolutionNode = FALSE
	EndGlobalSection
	GlobalSection(ExtensibilityGlobals) = postSolution
		SolutionGuid = {F2EF1505-4469-4FEE-900A-B2317F22AF01}
	EndGlobalSection
EndGlobal
